
Microsoft Visual Studio Solution File, Format Version 12.00
# Visual Studio Version 17
VisualStudioVersion = 17.14.36717.8
MinimumVisualStudioVersion = 10.0.40219.1
Project("{FAE04EC0-301F-11D3-BF4B-00C04F79EFBC}") = "TinyTokenizer", "TinyTokenizer\TinyTokenizer.csproj", "{4CD98607-24B5-4B02-A874-9EAFEAB8CAC5}"
EndProject
Project("{FAE04EC0-301F-11D3-BF4B-00C04F79EFBC}") = "TinyTokenizer.Tests", "TinyTokenizer.Tests\TinyTokenizer.Tests.csproj", "{27E42D3D-8ABC-43B4-A5B5-1F50FCDF066A}"
EndProject
Project("{FAE04EC0-301F-11D3-BF4B-00C04F79EFBC}") = "TinyTokenizer.Benchmarks", "TinyTokenizer.Benchmarks\TinyTokenizer.Benchmarks.csproj", "{3AE7D3B6-A8A7-41C4-939D-9E686D865495}"
EndProject
Project("{FAE04EC0-301F-11D3-BF4B-00C04F79EFBC}") = "TinyTokenizer.E2ETests", "TinyTokenizer.E2ETests\TinyTokenizer.E2ETests.csproj", "{4EAB8794-90E2-45E6-8F72-4A2EE087A12A}"
EndProject
Global
	GlobalSection(SolutionConfigurationPlatforms) = preSolution
		Debug|Any CPU = Debug|Any CPU
		Debug|x64 = Debug|x64
		Debug|x86 = Debug|x86
		Release|Any CPU = Release|Any CPU
		Release|x64 = Release|x64
		Release|x86 = Release|x86
	EndGlobalSection
	GlobalSection(ProjectConfigurationPlatforms) = postSolution
		{4CD98607-24B5-4B02-A874-9EAFEAB8CAC5}.Debug|Any CPU.ActiveCfg = Debug|Any CPU
		{4CD98607-24B5-4B02-A874-9EAFEAB8CAC5}.Debug|Any CPU.Build.0 = Debug|Any CPU
		{4CD98607-24B5-4B02-A874-9EAFEAB8CAC5}.Debug|x64.ActiveCfg = Debug|Any CPU
		{4CD98607-24B5-4B02-A874-9EAFEAB8CAC5}.Debug|x64.Build.0 = Debug|Any CPU
		{4CD98607-24B5-4B02-A874-9EAFEAB8CAC5}.Debug|x86.ActiveCfg = Debug|Any CPU
		{4CD98607-24B5-4B02-A874-9EAFEAB8CAC5}.Debug|x86.Build.0 = Debug|Any CPU
		{4CD98607-24B5-4B02-A874-9EAFEAB8CAC5}.Release|Any CPU.ActiveCfg = Release|Any CPU
		{4CD98607-24B5-4B02-A874-9EAFEAB8CAC5}.Release|Any CPU.Build.0 = Release|Any CPU
		{4CD98607-24B5-4B02-A874-9EAFEAB8CAC5}.Release|x64.ActiveCfg = Release|Any CPU
		{4CD98607-24B5-4B02-A874-9EAFEAB8CAC5}.Release|x64.Build.0 = Release|Any CPU
		{4CD98607-24B5-4B02-A874-9EAFEAB8CAC5}.Release|x86.ActiveCfg = Release|Any CPU
		{4CD98607-24B5-4B02-A874-9EAFEAB8CAC5}.Release|x86.Build.0 = Release|Any CPU
		{27E42D3D-8ABC-43B4-A5B5-1F50FCDF066A}.Debug|Any CPU.ActiveCfg = Debug|Any CPU
		{27E42D3D-8ABC-43B4-A5B5-1F50FCDF066A}.Debug|Any CPU.Build.0 = Debug|Any CPU
		{27E42D3D-8ABC-43B4-A5B5-1F50FCDF066A}.Debug|x64.ActiveCfg = Debug|Any CPU
		{27E42D3D-8ABC-43B4-A5B5-1F50FCDF066A}.Debug|x64.Build.0 = Debug|Any CPU
		{27E42D3D-8ABC-43B4-A5B5-1F50FCDF066A}.Debug|x86.ActiveCfg = Debug|Any CPU
		{27E42D3D-8ABC-43B4-A5B5-1F50FCDF066A}.Debug|x86.Build.0 = Debug|Any CPU
		{27E42D3D-8ABC-43B4-A5B5-1F50FCDF066A}.Release|Any CPU.ActiveCfg = Release|Any CPU
		{27E42D3D-8ABC-43B4-A5B5-1F50FCDF066A}.Release|Any CPU.Build.0 = Release|Any CPU
		{27E42D3D-8ABC-43B4-A5B5-1F50FCDF066A}.Release|x64.ActiveCfg = Release|Any CPU
		{27E42D3D-8ABC-43B4-A5B5-1F50FCDF066A}.Release|x64.Build.0 = Release|Any CPU
		{27E42D3D-8ABC-43B4-A5B5-1F50FCDF066A}.Release|x86.ActiveCfg = Release|Any CPU
		{27E42D3D-8ABC-43B4-A5B5-1F50FCDF066A}.Release|x86.Build.0 = Release|Any CPU
		{3AE7D3B6-A8A7-41C4-939D-9E686D865495}.Debug|Any CPU.ActiveCfg = Debug|Any CPU
		{3AE7D3B6-A8A7-41C4-939D-9E686D865495}.Debug|Any CPU.Build.0 = Debug|Any CPU
		{3AE7D3B6-A8A7-41C4-939D-9E686D865495}.Debug|x64.ActiveCfg = Debug|Any CPU
		{3AE7D3B6-A8A7-41C4-939D-9E686D865495}.Debug|x64.Build.0 = Debug|Any CPU
		{3AE7D3B6-A8A7-41C4-939D-9E686D865495}.Debug|x86.ActiveCfg = Debug|Any CPU
		{3AE7D3B6-A8A7-41C4-939D-9E686D865495}.Debug|x86.Build.0 = Debug|Any CPU
		{3AE7D3B6-A8A7-41C4-939D-9E686D865495}.Release|Any CPU.ActiveCfg = Release|Any CPU
		{3AE7D3B6-A8A7-41C4-939D-9E686D865495}.Release|Any CPU.Build.0 = Release|Any CPU
		{3AE7D3B6-A8A7-41C4-939D-9E686D865495}.Release|x64.ActiveCfg = Release|Any CPU
		{3AE7D3B6-A8A7-41C4-939D-9E686D865495}.Release|x64.Build.0 = Release|Any CPU
		{3AE7D3B6-A8A7-41C4-939D-9E686D865495}.Release|x86.ActiveCfg = Release|Any CPU
		{3AE7D3B6-A8A7-41C4-939D-9E686D865495}.Release|x86.Build.0 = Release|Any CPU
		{4EAB8794-90E2-45E6-8F72-4A2EE087A12A}.Debug|Any CPU.ActiveCfg = Debug|Any CPU
		{4EAB8794-90E2-45E6-8F72-4A2EE087A12A}.Debug|Any CPU.Build.0 = Debug|Any CPU
		{4EAB8794-90E2-45E6-8F72-4A2EE087A12A}.Debug|x64.ActiveCfg = Debug|Any CPU
		{4EAB8794-90E2-45E6-8F72-4A2EE087A12A}.Debug|x64.Build.0 = Debug|Any CPU
		{4EAB8794-90E2-45E6-8F72-4A2EE087A12A}.Debug|x86.ActiveCfg = Debug|Any CPU
		{4EAB8794-90E2-45E6-8F72-4A2EE087A12A}.Debug|x86.Build.0 = Debug|Any CPU
		{4EAB8794-90E2-45E6-8F72-4A2EE087A12A}.Release|Any CPU.ActiveCfg = Release|Any CPU
		{4EAB8794-90E2-45E6-8F72-4A2EE087A12A}.Release|Any CPU.Build.0 = Release|Any CPU
		{4EAB8794-90E2-45E6-8F72-4A2EE087A12A}.Release|x64.ActiveCfg = Release|Any CPU
		{4EAB8794-90E2-45E6-8F72-4A2EE087A12A}.Release|x64.Build.0 = Release|Any CPU
		{4EAB8794-90E2-45E6-8F72-4A2EE087A12A}.Release|x86.ActiveCfg = Release|Any CPU
		{4EAB8794-90E2-45E6-8F72-4A2EE087A12A}.Release|x86.Build.0 = Release|Any CPU
	EndGlobalSection
	GlobalSection(SolutionProperties) = preSolution
		HideSolutionNode = FALSE
	EndGlobalSection
	GlobalSection(ExtensibilityGlobals) = postSolution
		SolutionGuid = {B2BA357E-E0C7-46A0-9E8C-75B7AFC2C1D9}
	EndGlobalSection
EndGlobal
